
Microsoft Visual Studio Solution File, Format Version 12.00
# Visual Studio Version 16
VisualStudioVersion = 16.0.29025.244
MinimumVisualStudioVersion = 10.0.40219.1
Project("{FAE04EC0-301F-11D3-BF4B-00C04F79EFBC}") = "WindowsFormsApp1", "WindowsFormsApp1\WindowsFormsApp1.csproj", "{A1DCDCF7-B266-4201-ACBF-B31BB3A8A1F4}"
EndProject
Global
	GlobalSection(SolutionConfigurationPlatforms) = preSolution
		Debug|Any CPU = Debug|Any CPU
		Release|Any CPU = Release|Any CPU
	EndGlobalSection
	GlobalSection(ProjectConfigurationPlatforms) = postSolution
		{A1DCDCF7-B266-4201-ACBF-B31BB3A8A1F4}.Debug|Any CPU.ActiveCfg = Debug|Any CPU
		{A1DCDCF7-B266-4201-ACBF-B31BB3A8A1F4}.Debug|Any CPU.Build.0 = Debug|Any CPU
		{A1DCDCF7-B266-4201-ACBF-B31BB3A8A1F4}.Release|Any CPU.ActiveCfg = Release|Any CPU
		{A1DCDCF7-B266-4201-ACBF-B31BB3A8A1F4}.Release|Any CPU.Build.0 = Release|Any CPU
	EndGlobalSection
	GlobalSection(SolutionProperties) = preSolution
		HideSolutionNode = FALSE
	EndGlobalSection
	GlobalSection(ExtensibilityGlobals) = postSolution
		SolutionGuid = {C50728D0-0726-45EA-9936-7CEF62B5266C}
	EndGlobalSection
EndGlobal
